
Microsoft Visual Studio Solution File, Format Version 12.00
# Visual Studio 2013
VisualStudioVersion = 12.0.30501.0
MinimumVisualStudioVersion = 10.0.40219.1
Project("{2150E333-8FDC-42A3-9474-1A3956D46DE8}") = "Axosoft", "Axosoft", "{4E78996A-3DB1-4AAB-8CCD-7E14E3F289F2}"
EndProject
Project("{FAE04EC0-301F-11D3-BF4B-00C04F79EFBC}") = "Axosoft.Core", "Axosoft.Core\Axosoft.Core.csproj", "{04413B32-4501-41FC-8910-FADCFFD8A517}"
EndProject
Project("{FAE04EC0-301F-11D3-BF4B-00C04F79EFBC}") = "Axosoft.UI", "Axosoft.UI\Axosoft.UI\Axosoft.UI.csproj", "{D5401BEC-0572-4F93-B5CC-622539EF0D67}"
EndProject
Project("{FAE04EC0-301F-11D3-BF4B-00C04F79EFBC}") = "Axosoft.UI.iOS", "Axosoft.UI\Axosoft.UI.iOS\Axosoft.UI.iOS.csproj", "{5709AF27-726C-43B9-855A-76BED09ACE24}"
EndProject
Project("{FAE04EC0-301F-11D3-BF4B-00C04F79EFBC}") = "Axosoft.UI.Android", "Axosoft.UI\Axosoft.UI.Android\Axosoft.UI.Android.csproj", "{5528D592-D595-4BED-8F9A-4D943D1B7415}"
EndProject
Project("{FAE04EC0-301F-11D3-BF4B-00C04F79EFBC}") = "Axosoft.UI.WinPhone", "Axosoft.UI\Axosoft.UI.WinPhone\Axosoft.UI.WinPhone.csproj", "{59DDABB2-203D-4ACE-8C58-0D5DCB1BFFB0}"
EndProject
Global
	GlobalSection(SolutionConfigurationPlatforms) = preSolution
		Ad-Hoc|Any CPU = Ad-Hoc|Any CPU
		Ad-Hoc|ARM = Ad-Hoc|ARM
		Ad-Hoc|iPhone = Ad-Hoc|iPhone
		Ad-Hoc|iPhoneSimulator = Ad-Hoc|iPhoneSimulator
		Ad-Hoc|Mixed Platforms = Ad-Hoc|Mixed Platforms
		Ad-Hoc|x64 = Ad-Hoc|x64
		Ad-Hoc|x86 = Ad-Hoc|x86
		AppStore|Any CPU = AppStore|Any CPU
		AppStore|ARM = AppStore|ARM
		AppStore|iPhone = AppStore|iPhone
		AppStore|iPhoneSimulator = AppStore|iPhoneSimulator
		AppStore|Mixed Platforms = AppStore|Mixed Platforms
		AppStore|x64 = AppStore|x64
		AppStore|x86 = AppStore|x86
		Debug|Any CPU = Debug|Any CPU
		Debug|ARM = Debug|ARM
		Debug|iPhone = Debug|iPhone
		Debug|iPhoneSimulator = Debug|iPhoneSimulator
		Debug|Mixed Platforms = Debug|Mixed Platforms
		Debug|x64 = Debug|x64
		Debug|x86 = Debug|x86
		Release|Any CPU = Release|Any CPU
		Release|ARM = Release|ARM
		Release|iPhone = Release|iPhone
		Release|iPhoneSimulator = Release|iPhoneSimulator
		Release|Mixed Platforms = Release|Mixed Platforms
		Release|x64 = Release|x64
		Release|x86 = Release|x86
	EndGlobalSection
	GlobalSection(ProjectConfigurationPlatforms) = postSolution
		{04413B32-4501-41FC-8910-FADCFFD8A517}.Ad-Hoc|Any CPU.ActiveCfg = Release|Any CPU
		{04413B32-4501-41FC-8910-FADCFFD8A517}.Ad-Hoc|Any CPU.Build.0 = Release|Any CPU
		{04413B32-4501-41FC-8910-FADCFFD8A517}.Ad-Hoc|ARM.ActiveCfg = Release|Any CPU
		{04413B32-4501-41FC-8910-FADCFFD8A517}.Ad-Hoc|iPhone.ActiveCfg = Release|Any CPU
		{04413B32-4501-41FC-8910-FADCFFD8A517}.Ad-Hoc|iPhoneSimulator.ActiveCfg = Release|Any CPU
		{04413B32-4501-41FC-8910-FADCFFD8A517}.Ad-Hoc|Mixed Platforms.ActiveCfg = Release|Any CPU
		{04413B32-4501-41FC-8910-FADCFFD8A517}.Ad-Hoc|Mixed Platforms.Build.0 = Release|Any CPU
		{04413B32-4501-41FC-8910-FADCFFD8A517}.Ad-Hoc|x64.ActiveCfg = Release|Any CPU
		{04413B32-4501-41FC-8910-FADCFFD8A517}.Ad-Hoc|x86.ActiveCfg = Release|Any CPU
		{04413B32-4501-41FC-8910-FADCFFD8A517}.AppStore|Any CPU.ActiveCfg = Release|Any CPU
		{04413B32-4501-41FC-8910-FADCFFD8A517}.AppStore|Any CPU.Build.0 = Release|Any CPU
		{04413B32-4501-41FC-8910-FADCFFD8A517}.AppStore|ARM.ActiveCfg = Release|Any CPU
		{04413B32-4501-41FC-8910-FADCFFD8A517}.AppStore|iPhone.ActiveCfg = Release|Any CPU
		{04413B32-4501-41FC-8910-FADCFFD8A517}.AppStore|iPhoneSimulator.ActiveCfg = Release|Any CPU
		{04413B32-4501-41FC-8910-FADCFFD8A517}.AppStore|Mixed Platforms.ActiveCfg = Release|Any CPU
		{04413B32-4501-41FC-8910-FADCFFD8A517}.AppStore|Mixed Platforms.Build.0 = Release|Any CPU
		{04413B32-4501-41FC-8910-FADCFFD8A517}.AppStore|x64.ActiveCfg = Release|Any CPU
		{04413B32-4501-41FC-8910-FADCFFD8A517}.AppStore|x86.ActiveCfg = Release|Any CPU
		{04413B32-4501-41FC-8910-FADCFFD8A517}.Debug|Any CPU.ActiveCfg = Debug|Any CPU
		{04413B32-4501-41FC-8910-FADCFFD8A517}.Debug|Any CPU.Build.0 = Debug|Any CPU
		{04413B32-4501-41FC-8910-FADCFFD8A517}.Debug|ARM.ActiveCfg = Debug|Any CPU
		{04413B32-4501-41FC-8910-FADCFFD8A517}.Debug|iPhone.ActiveCfg = Debug|Any CPU
		{04413B32-4501-41FC-8910-FADCFFD8A517}.Debug|iPhoneSimulator.ActiveCfg = Debug|Any CPU
		{04413B32-4501-41FC-8910-FADCFFD8A517}.Debug|Mixed Platforms.ActiveCfg = Debug|Any CPU
		{04413B32-4501-41FC-8910-FADCFFD8A517}.Debug|Mixed Platforms.Build.0 = Debug|Any CPU
		{04413B32-4501-41FC-8910-FADCFFD8A517}.Debug|x64.ActiveCfg = Debug|Any CPU
		{04413B32-4501-41FC-8910-FADCFFD8A517}.Debug|x86.ActiveCfg = Debug|Any CPU
		{04413B32-4501-41FC-8910-FADCFFD8A517}.Release|Any CPU.ActiveCfg = Release|Any CPU
		{04413B32-4501-41FC-8910-FADCFFD8A517}.Release|Any CPU.Build.0 = Release|Any CPU
		{04413B32-4501-41FC-8910-FADCFFD8A517}.Release|ARM.ActiveCfg = Release|Any CPU
		{04413B32-4501-41FC-8910-FADCFFD8A517}.Release|iPhone.ActiveCfg = Release|Any CPU
		{04413B32-4501-41FC-8910-FADCFFD8A517}.Release|iPhoneSimulator.ActiveCfg = Release|Any CPU
		{04413B32-4501-41FC-8910-FADCFFD8A517}.Release|Mixed Platforms.ActiveCfg = Release|Any CPU
		{04413B32-4501-41FC-8910-FADCFFD8A517}.Release|Mixed Platforms.Build.0 = Release|Any CPU
		{04413B32-4501-41FC-8910-FADCFFD8A517}.Release|x64.ActiveCfg = Release|Any CPU
		{04413B32-4501-41FC-8910-FADCFFD8A517}.Release|x86.ActiveCfg = Release|Any CPU
		{D5401BEC-0572-4F93-B5CC-622539EF0D67}.Ad-Hoc|Any CPU.ActiveCfg = Release|Any CPU
		{D5401BEC-0572-4F93-B5CC-622539EF0D67}.Ad-Hoc|Any CPU.Build.0 = Release|Any CPU
		{D5401BEC-0572-4F93-B5CC-622539EF0D67}.Ad-Hoc|ARM.ActiveCfg = Release|Any CPU
		{D5401BEC-0572-4F93-B5CC-622539EF0D67}.Ad-Hoc|iPhone.ActiveCfg = Release|Any CPU
		{D5401BEC-0572-4F93-B5CC-622539EF0D67}.Ad-Hoc|iPhoneSimulator.ActiveCfg = Release|Any CPU
		{D5401BEC-0572-4F93-B5CC-622539EF0D67}.Ad-Hoc|Mixed Platforms.ActiveCfg = Release|Any CPU
		{D5401BEC-0572-4F93-B5CC-622539EF0D67}.Ad-Hoc|Mixed Platforms.Build.0 = Release|Any CPU
		{D5401BEC-0572-4F93-B5CC-622539EF0D67}.Ad-Hoc|x64.ActiveCfg = Release|Any CPU
		{D5401BEC-0572-4F93-B5CC-622539EF0D67}.Ad-Hoc|x86.ActiveCfg = Release|Any CPU
		{D5401BEC-0572-4F93-B5CC-622539EF0D67}.AppStore|Any CPU.ActiveCfg = Release|Any CPU
		{D5401BEC-0572-4F93-B5CC-622539EF0D67}.AppStore|Any CPU.Build.0 = Release|Any CPU
		{D5401BEC-0572-4F93-B5CC-622539EF0D67}.AppStore|ARM.ActiveCfg = Release|Any CPU
		{D5401BEC-0572-4F93-B5CC-622539EF0D67}.AppStore|iPhone.ActiveCfg = Release|Any CPU
		{D5401BEC-0572-4F93-B5CC-622539EF0D67}.AppStore|iPhoneSimulator.ActiveCfg = Release|Any CPU
		{D5401BEC-0572-4F93-B5CC-622539EF0D67}.AppStore|Mixed Platforms.ActiveCfg = Release|Any CPU
		{D5401BEC-0572-4F93-B5CC-622539EF0D67}.AppStore|Mixed Platforms.Build.0 = Release|Any CPU
		{D5401BEC-0572-4F93-B5CC-622539EF0D67}.AppStore|x64.ActiveCfg = Release|Any CPU
		{D5401BEC-0572-4F93-B5CC-622539EF0D67}.AppStore|x86.ActiveCfg = Release|Any CPU
		{D5401BEC-0572-4F93-B5CC-622539EF0D67}.Debug|Any CPU.ActiveCfg = Debug|Any CPU
		{D5401BEC-0572-4F93-B5CC-622539EF0D67}.Debug|Any CPU.Build.0 = Debug|Any CPU
		{D5401BEC-0572-4F93-B5CC-622539EF0D67}.Debug|ARM.ActiveCfg = Debug|Any CPU
		{D5401BEC-0572-4F93-B5CC-622539EF0D67}.Debug|iPhone.ActiveCfg = Debug|Any CPU
		{D5401BEC-0572-4F93-B5CC-622539EF0D67}.Debug|iPhoneSimulator.ActiveCfg = Debug|Any CPU
		{D5401BEC-0572-4F93-B5CC-622539EF0D67}.Debug|Mixed Platforms.ActiveCfg = Debug|Any CPU
		{D5401BEC-0572-4F93-B5CC-622539EF0D67}.Debug|Mixed Platforms.Build.0 = Debug|Any CPU
		{D5401BEC-0572-4F93-B5CC-622539EF0D67}.Debug|x64.ActiveCfg = Debug|Any CPU
		{D5401BEC-0572-4F93-B5CC-622539EF0D67}.Debug|x86.ActiveCfg = Debug|Any CPU
		{D5401BEC-0572-4F93-B5CC-622539EF0D67}.Release|Any CPU.ActiveCfg = Release|Any CPU
		{D5401BEC-0572-4F93-B5CC-622539EF0D67}.Release|Any CPU.Build.0 = Release|Any CPU
		{D5401BEC-0572-4F93-B5CC-622539EF0D67}.Release|ARM.ActiveCfg = Release|Any CPU
		{D5401BEC-0572-4F93-B5CC-622539EF0D67}.Release|iPhone.ActiveCfg = Release|Any CPU
		{D5401BEC-0572-4F93-B5CC-622539EF0D67}.Release|iPhoneSimulator.ActiveCfg = Release|Any CPU
		{D5401BEC-0572-4F93-B5CC-622539EF0D67}.Release|Mixed Platforms.ActiveCfg = Release|Any CPU
		{D5401BEC-0572-4F93-B5CC-622539EF0D67}.Release|Mixed Platforms.Build.0 = Release|Any CPU
		{D5401BEC-0572-4F93-B5CC-622539EF0D67}.Release|x64.ActiveCfg = Release|Any CPU
		{D5401BEC-0572-4F93-B5CC-622539EF0D67}.Release|x86.ActiveCfg = Release|Any CPU
		{5709AF27-726C-43B9-855A-76BED09ACE24}.Ad-Hoc|Any CPU.ActiveCfg = Ad-Hoc|iPhone
		{5709AF27-726C-43B9-855A-76BED09ACE24}.Ad-Hoc|ARM.ActiveCfg = Ad-Hoc|iPhone
		{5709AF27-726C-43B9-855A-76BED09ACE24}.Ad-Hoc|iPhone.ActiveCfg = Ad-Hoc|iPhone
		{5709AF27-726C-43B9-855A-76BED09ACE24}.Ad-Hoc|iPhone.Build.0 = Ad-Hoc|iPhone
		{5709AF27-726C-43B9-855A-76BED09ACE24}.Ad-Hoc|iPhoneSimulator.ActiveCfg = Ad-Hoc|iPhoneSimulator
		{5709AF27-726C-43B9-855A-76BED09ACE24}.Ad-Hoc|iPhoneSimulator.Build.0 = Ad-Hoc|iPhoneSimulator
		{5709AF27-726C-43B9-855A-76BED09ACE24}.Ad-Hoc|Mixed Platforms.ActiveCfg = Ad-Hoc|iPhone
		{5709AF27-726C-43B9-855A-76BED09ACE24}.Ad-Hoc|Mixed Platforms.Build.0 = Ad-Hoc|iPhone
		{5709AF27-726C-43B9-855A-76BED09ACE24}.Ad-Hoc|x64.ActiveCfg = Ad-Hoc|iPhone
		{5709AF27-726C-43B9-855A-76BED09ACE24}.Ad-Hoc|x86.ActiveCfg = Ad-Hoc|iPhone
		{5709AF27-726C-43B9-855A-76BED09ACE24}.AppStore|Any CPU.ActiveCfg = AppStore|iPhone
		{5709AF27-726C-43B9-855A-76BED09ACE24}.AppStore|ARM.ActiveCfg = AppStore|iPhone
		{5709AF27-726C-43B9-855A-76BED09ACE24}.AppStore|iPhone.ActiveCfg = AppStore|iPhone
		{5709AF27-726C-43B9-855A-76BED09ACE24}.AppStore|iPhone.Build.0 = AppStore|iPhone
		{5709AF27-726C-43B9-855A-76BED09ACE24}.AppStore|iPhoneSimulator.ActiveCfg = AppStore|iPhoneSimulator
		{5709AF27-726C-43B9-855A-76BED09ACE24}.AppStore|iPhoneSimulator.Build.0 = AppStore|iPhoneSimulator
		{5709AF27-726C-43B9-855A-76BED09ACE24}.AppStore|Mixed Platforms.ActiveCfg = AppStore|iPhone
		{5709AF27-726C-43B9-855A-76BED09ACE24}.AppStore|Mixed Platforms.Build.0 = AppStore|iPhone
		{5709AF27-726C-43B9-855A-76BED09ACE24}.AppStore|x64.ActiveCfg = AppStore|iPhone
		{5709AF27-726C-43B9-855A-76BED09ACE24}.AppStore|x86.ActiveCfg = AppStore|iPhone
		{5709AF27-726C-43B9-855A-76BED09ACE24}.Debug|Any CPU.ActiveCfg = Debug|iPhone
		{5709AF27-726C-43B9-855A-76BED09ACE24}.Debug|ARM.ActiveCfg = Debug|iPhone
		{5709AF27-726C-43B9-855A-76BED09ACE24}.Debug|iPhone.ActiveCfg = Debug|iPhone
		{5709AF27-726C-43B9-855A-76BED09ACE24}.Debug|iPhone.Build.0 = Debug|iPhone
		{5709AF27-726C-43B9-855A-76BED09ACE24}.Debug|iPhoneSimulator.ActiveCfg = Debug|iPhoneSimulator
		{5709AF27-726C-43B9-855A-76BED09ACE24}.Debug|iPhoneSimulator.Build.0 = Debug|iPhoneSimulator
		{5709AF27-726C-43B9-855A-76BED09ACE24}.Debug|Mixed Platforms.ActiveCfg = Debug|iPhone
		{5709AF27-726C-43B9-855A-76BED09ACE24}.Debug|Mixed Platforms.Build.0 = Debug|iPhone
		{5709AF27-726C-43B9-855A-76BED09ACE24}.Debug|x64.ActiveCfg = Debug|iPhone
		{5709AF27-726C-43B9-855A-76BED09ACE24}.Debug|x86.ActiveCfg = Debug|iPhone
		{5709AF27-726C-43B9-855A-76BED09ACE24}.Release|Any CPU.ActiveCfg = Release|iPhone
		{5709AF27-726C-43B9-855A-76BED09ACE24}.Release|ARM.ActiveCfg = Release|iPhone
		{5709AF27-726C-43B9-855A-76BED09ACE24}.Release|iPhone.ActiveCfg = Release|iPhone
		{5709AF27-726C-43B9-855A-76BED09ACE24}.Release|iPhone.Build.0 = Release|iPhone
		{5709AF27-726C-43B9-855A-76BED09ACE24}.Release|iPhoneSimulator.ActiveCfg = Release|iPhoneSimulator
		{5709AF27-726C-43B9-855A-76BED09ACE24}.Release|iPhoneSimulator.Build.0 = Release|iPhoneSimulator
		{5709AF27-726C-43B9-855A-76BED09ACE24}.Release|Mixed Platforms.ActiveCfg = Release|iPhone
		{5709AF27-726C-43B9-855A-76BED09ACE24}.Release|Mixed Platforms.Build.0 = Release|iPhone
		{5709AF27-726C-43B9-855A-76BED09ACE24}.Release|x64.ActiveCfg = Release|iPhone
		{5709AF27-726C-43B9-855A-76BED09ACE24}.Release|x86.ActiveCfg = Release|iPhone
		{5528D592-D595-4BED-8F9A-4D943D1B7415}.Ad-Hoc|Any CPU.ActiveCfg = Release|Any CPU
		{5528D592-D595-4BED-8F9A-4D943D1B7415}.Ad-Hoc|Any CPU.Build.0 = Release|Any CPU
		{5528D592-D595-4BED-8F9A-4D943D1B7415}.Ad-Hoc|Any CPU.Deploy.0 = Release|Any CPU
		{5528D592-D595-4BED-8F9A-4D943D1B7415}.Ad-Hoc|ARM.ActiveCfg = Release|Any CPU
		{5528D592-D595-4BED-8F9A-4D943D1B7415}.Ad-Hoc|iPhone.ActiveCfg = Release|Any CPU
		{5528D592-D595-4BED-8F9A-4D943D1B7415}.Ad-Hoc|iPhoneSimulator.ActiveCfg = Release|Any CPU
		{5528D592-D595-4BED-8F9A-4D943D1B7415}.Ad-Hoc|Mixed Platforms.ActiveCfg = Release|Any CPU
		{5528D592-D595-4BED-8F9A-4D943D1B7415}.Ad-Hoc|Mixed Platforms.Build.0 = Release|Any CPU
		{5528D592-D595-4BED-8F9A-4D943D1B7415}.Ad-Hoc|Mixed Platforms.Deploy.0 = Release|Any CPU
		{5528D592-D595-4BED-8F9A-4D943D1B7415}.Ad-Hoc|x64.ActiveCfg = Release|Any CPU
		{5528D592-D595-4BED-8F9A-4D943D1B7415}.Ad-Hoc|x86.ActiveCfg = Release|Any CPU
		{5528D592-D595-4BED-8F9A-4D943D1B7415}.AppStore|Any CPU.ActiveCfg = Release|Any CPU
		{5528D592-D595-4BED-8F9A-4D943D1B7415}.AppStore|Any CPU.Build.0 = Release|Any CPU
		{5528D592-D595-4BED-8F9A-4D943D1B7415}.AppStore|Any CPU.Deploy.0 = Release|Any CPU
		{5528D592-D595-4BED-8F9A-4D943D1B7415}.AppStore|ARM.ActiveCfg = Release|Any CPU
		{5528D592-D595-4BED-8F9A-4D943D1B7415}.AppStore|iPhone.ActiveCfg = Release|Any CPU
		{5528D592-D595-4BED-8F9A-4D943D1B7415}.AppStore|iPhoneSimulator.ActiveCfg = Release|Any CPU
		{5528D592-D595-4BED-8F9A-4D943D1B7415}.AppStore|Mixed Platforms.ActiveCfg = Release|Any CPU
		{5528D592-D595-4BED-8F9A-4D943D1B7415}.AppStore|Mixed Platforms.Build.0 = Release|Any CPU
		{5528D592-D595-4BED-8F9A-4D943D1B7415}.AppStore|Mixed Platforms.Deploy.0 = Release|Any CPU
		{5528D592-D595-4BED-8F9A-4D943D1B7415}.AppStore|x64.ActiveCfg = Release|Any CPU
		{5528D592-D595-4BED-8F9A-4D943D1B7415}.AppStore|x86.ActiveCfg = Release|Any CPU
		{5528D592-D595-4BED-8F9A-4D943D1B7415}.Debug|Any CPU.ActiveCfg = Debug|Any CPU
		{5528D592-D595-4BED-8F9A-4D943D1B7415}.Debug|Any CPU.Build.0 = Debug|Any CPU
		{5528D592-D595-4BED-8F9A-4D943D1B7415}.Debug|Any CPU.Deploy.0 = Debug|Any CPU
		{5528D592-D595-4BED-8F9A-4D943D1B7415}.Debug|ARM.ActiveCfg = Debug|Any CPU
		{5528D592-D595-4BED-8F9A-4D943D1B7415}.Debug|iPhone.ActiveCfg = Debug|Any CPU
		{5528D592-D595-4BED-8F9A-4D943D1B7415}.Debug|iPhoneSimulator.ActiveCfg = Debug|Any CPU
		{5528D592-D595-4BED-8F9A-4D943D1B7415}.Debug|Mixed Platforms.ActiveCfg = Debug|Any CPU
		{5528D592-D595-4BED-8F9A-4D943D1B7415}.Debug|Mixed Platforms.Build.0 = Debug|Any CPU
		{5528D592-D595-4BED-8F9A-4D943D1B7415}.Debug|Mixed Platforms.Deploy.0 = Debug|Any CPU
		{5528D592-D595-4BED-8F9A-4D943D1B7415}.Debug|x64.ActiveCfg = Debug|Any CPU
		{5528D592-D595-4BED-8F9A-4D943D1B7415}.Debug|x86.ActiveCfg = Debug|Any CPU
		{5528D592-D595-4BED-8F9A-4D943D1B7415}.Release|Any CPU.ActiveCfg = Release|Any CPU
		{5528D592-D595-4BED-8F9A-4D943D1B7415}.Release|Any CPU.Build.0 = Release|Any CPU
		{5528D592-D595-4BED-8F9A-4D943D1B7415}.Release|Any CPU.Deploy.0 = Release|Any CPU
		{5528D592-D595-4BED-8F9A-4D943D1B7415}.Release|ARM.ActiveCfg = Release|Any CPU
		{5528D592-D595-4BED-8F9A-4D943D1B7415}.Release|iPhone.ActiveCfg = Release|Any CPU
		{5528D592-D595-4BED-8F9A-4D943D1B7415}.Release|iPhoneSimulator.ActiveCfg = Release|Any CPU
		{5528D592-D595-4BED-8F9A-4D943D1B7415}.Release|Mixed Platforms.ActiveCfg = Release|Any CPU
		{5528D592-D595-4BED-8F9A-4D943D1B7415}.Release|Mixed Platforms.Build.0 = Release|Any CPU
		{5528D592-D595-4BED-8F9A-4D943D1B7415}.Release|Mixed Platforms.Deploy.0 = Release|Any CPU
		{5528D592-D595-4BED-8F9A-4D943D1B7415}.Release|x64.ActiveCfg = Release|Any CPU
		{5528D592-D595-4BED-8F9A-4D943D1B7415}.Release|x86.ActiveCfg = Release|Any CPU
		{59DDABB2-203D-4ACE-8C58-0D5DCB1BFFB0}.Ad-Hoc|Any CPU.ActiveCfg = Release|Any CPU
		{59DDABB2-203D-4ACE-8C58-0D5DCB1BFFB0}.Ad-Hoc|Any CPU.Build.0 = Release|Any CPU
		{59DDABB2-203D-4ACE-8C58-0D5DCB1BFFB0}.Ad-Hoc|Any CPU.Deploy.0 = Release|Any CPU
		{59DDABB2-203D-4ACE-8C58-0D5DCB1BFFB0}.Ad-Hoc|ARM.ActiveCfg = Release|ARM
		{59DDABB2-203D-4ACE-8C58-0D5DCB1BFFB0}.Ad-Hoc|ARM.Build.0 = Release|ARM
		{59DDABB2-203D-4ACE-8C58-0D5DCB1BFFB0}.Ad-Hoc|ARM.Deploy.0 = Release|ARM
		{59DDABB2-203D-4ACE-8C58-0D5DCB1BFFB0}.Ad-Hoc|iPhone.ActiveCfg = Release|Any CPU
		{59DDABB2-203D-4ACE-8C58-0D5DCB1BFFB0}.Ad-Hoc|iPhoneSimulator.ActiveCfg = Release|Any CPU
		{59DDABB2-203D-4ACE-8C58-0D5DCB1BFFB0}.Ad-Hoc|Mixed Platforms.ActiveCfg = Release|x86
		{59DDABB2-203D-4ACE-8C58-0D5DCB1BFFB0}.Ad-Hoc|Mixed Platforms.Build.0 = Release|x86
		{59DDABB2-203D-4ACE-8C58-0D5DCB1BFFB0}.Ad-Hoc|Mixed Platforms.Deploy.0 = Release|x86
		{59DDABB2-203D-4ACE-8C58-0D5DCB1BFFB0}.Ad-Hoc|x64.ActiveCfg = Release|Any CPU
		{59DDABB2-203D-4ACE-8C58-0D5DCB1BFFB0}.Ad-Hoc|x86.ActiveCfg = Release|x86
		{59DDABB2-203D-4ACE-8C58-0D5DCB1BFFB0}.Ad-Hoc|x86.Build.0 = Release|x86
		{59DDABB2-203D-4ACE-8C58-0D5DCB1BFFB0}.Ad-Hoc|x86.Deploy.0 = Release|x86
		{59DDABB2-203D-4ACE-8C58-0D5DCB1BFFB0}.AppStore|Any CPU.ActiveCfg = Release|Any CPU
		{59DDABB2-203D-4ACE-8C58-0D5DCB1BFFB0}.AppStore|Any CPU.Build.0 = Release|Any CPU
		{59DDABB2-203D-4ACE-8C58-0D5DCB1BFFB0}.AppStore|Any CPU.Deploy.0 = Release|Any CPU
		{59DDABB2-203D-4ACE-8C58-0D5DCB1BFFB0}.AppStore|ARM.ActiveCfg = Release|ARM
		{59DDABB2-203D-4ACE-8C58-0D5DCB1BFFB0}.AppStore|ARM.Build.0 = Release|ARM
		{59DDABB2-203D-4ACE-8C58-0D5DCB1BFFB0}.AppStore|ARM.Deploy.0 = Release|ARM
		{59DDABB2-203D-4ACE-8C58-0D5DCB1BFFB0}.AppStore|iPhone.ActiveCfg = Release|Any CPU
		{59DDABB2-203D-4ACE-8C58-0D5DCB1BFFB0}.AppStore|iPhoneSimulator.ActiveCfg = Release|Any CPU
		{59DDABB2-203D-4ACE-8C58-0D5DCB1BFFB0}.AppStore|Mixed Platforms.ActiveCfg = Release|x86
		{59DDABB2-203D-4ACE-8C58-0D5DCB1BFFB0}.AppStore|Mixed Platforms.Build.0 = Release|x86
		{59DDABB2-203D-4ACE-8C58-0D5DCB1BFFB0}.AppStore|Mixed Platforms.Deploy.0 = Release|x86
		{59DDABB2-203D-4ACE-8C58-0D5DCB1BFFB0}.AppStore|x64.ActiveCfg = Release|Any CPU
		{59DDABB2-203D-4ACE-8C58-0D5DCB1BFFB0}.AppStore|x86.ActiveCfg = Release|x86
		{59DDABB2-203D-4ACE-8C58-0D5DCB1BFFB0}.AppStore|x86.Build.0 = Release|x86
		{59DDABB2-203D-4ACE-8C58-0D5DCB1BFFB0}.AppStore|x86.Deploy.0 = Release|x86
		{59DDABB2-203D-4ACE-8C58-0D5DCB1BFFB0}.Debug|Any CPU.ActiveCfg = Debug|Any CPU
		{59DDABB2-203D-4ACE-8C58-0D5DCB1BFFB0}.Debug|Any CPU.Build.0 = Debug|Any CPU
		{59DDABB2-203D-4ACE-8C58-0D5DCB1BFFB0}.Debug|Any CPU.Deploy.0 = Debug|Any CPU
		{59DDABB2-203D-4ACE-8C58-0D5DCB1BFFB0}.Debug|ARM.ActiveCfg = Debug|ARM
		{59DDABB2-203D-4ACE-8C58-0D5DCB1BFFB0}.Debug|ARM.Build.0 = Debug|ARM
		{59DDABB2-203D-4ACE-8C58-0D5DCB1BFFB0}.Debug|ARM.Deploy.0 = Debug|ARM
		{59DDABB2-203D-4ACE-8C58-0D5DCB1BFFB0}.Debug|iPhone.ActiveCfg = Debug|Any CPU
		{59DDABB2-203D-4ACE-8C58-0D5DCB1BFFB0}.Debug|iPhoneSimulator.ActiveCfg = Debug|Any CPU
		{59DDABB2-203D-4ACE-8C58-0D5DCB1BFFB0}.Debug|Mixed Platforms.ActiveCfg = Debug|x86
		{59DDABB2-203D-4ACE-8C58-0D5DCB1BFFB0}.Debug|Mixed Platforms.Build.0 = Debug|x86
		{59DDABB2-203D-4ACE-8C58-0D5DCB1BFFB0}.Debug|Mixed Platforms.Deploy.0 = Debug|x86
		{59DDABB2-203D-4ACE-8C58-0D5DCB1BFFB0}.Debug|x64.ActiveCfg = Debug|Any CPU
		{59DDABB2-203D-4ACE-8C58-0D5DCB1BFFB0}.Debug|x86.ActiveCfg = Debug|x86
		{59DDABB2-203D-4ACE-8C58-0D5DCB1BFFB0}.Debug|x86.Build.0 = Debug|x86
		{59DDABB2-203D-4ACE-8C58-0D5DCB1BFFB0}.Debug|x86.Deploy.0 = Debug|x86
		{59DDABB2-203D-4ACE-8C58-0D5DCB1BFFB0}.Release|Any CPU.ActiveCfg = Release|Any CPU
		{59DDABB2-203D-4ACE-8C58-0D5DCB1BFFB0}.Release|Any CPU.Build.0 = Release|Any CPU
		{59DDABB2-203D-4ACE-8C58-0D5DCB1BFFB0}.Release|Any CPU.Deploy.0 = Release|Any CPU
		{59DDABB2-203D-4ACE-8C58-0D5DCB1BFFB0}.Release|ARM.ActiveCfg = Release|ARM
		{59DDABB2-203D-4ACE-8C58-0D5DCB1BFFB0}.Release|ARM.Build.0 = Release|ARM
		{59DDABB2-203D-4ACE-8C58-0D5DCB1BFFB0}.Release|ARM.Deploy.0 = Release|ARM
		{59DDABB2-203D-4ACE-8C58-0D5DCB1BFFB0}.Release|iPhone.ActiveCfg = Release|Any CPU
		{59DDABB2-203D-4ACE-8C58-0D5DCB1BFFB0}.Release|iPhoneSimulator.ActiveCfg = Release|Any CPU
		{59DDABB2-203D-4ACE-8C58-0D5DCB1BFFB0}.Release|Mixed Platforms.ActiveCfg = Release|x86
		{59DDABB2-203D-4ACE-8C58-0D5DCB1BFFB0}.Release|Mixed Platforms.Build.0 = Release|x86
		{59DDABB2-203D-4ACE-8C58-0D5DCB1BFFB0}.Release|Mixed Platforms.Deploy.0 = Release|x86
		{59DDABB2-203D-4ACE-8C58-0D5DCB1BFFB0}.Release|x64.ActiveCfg = Release|Any CPU
		{59DDABB2-203D-4ACE-8C58-0D5DCB1BFFB0}.Release|x86.ActiveCfg = Release|x86
		{59DDABB2-203D-4ACE-8C58-0D5DCB1BFFB0}.Release|x86.Build.0 = Release|x86
		{59DDABB2-203D-4ACE-8C58-0D5DCB1BFFB0}.Release|x86.Deploy.0 = Release|x86
	EndGlobalSection
	GlobalSection(SolutionProperties) = preSolution
		HideSolutionNode = FALSE
	EndGlobalSection
	GlobalSection(NestedProjects) = preSolution
		{04413B32-4501-41FC-8910-FADCFFD8A517} = {4E78996A-3DB1-4AAB-8CCD-7E14E3F289F2}
		{D5401BEC-0572-4F93-B5CC-622539EF0D67} = {4E78996A-3DB1-4AAB-8CCD-7E14E3F289F2}
		{5709AF27-726C-43B9-855A-76BED09ACE24} = {4E78996A-3DB1-4AAB-8CCD-7E14E3F289F2}
		{5528D592-D595-4BED-8F9A-4D943D1B7415} = {4E78996A-3DB1-4AAB-8CCD-7E14E3F289F2}
		{59DDABB2-203D-4ACE-8C58-0D5DCB1BFFB0} = {4E78996A-3DB1-4AAB-8CCD-7E14E3F289F2}
	EndGlobalSection
EndGlobal
